{
    "name": "portal.collection",
    "version": "1.0",
    "lockfileVersion": 3,
    "requires": true,
    "packages": {
        "": {
            "name": "portal.collection",
            "version": "1.0",
            "dependencies": {
                "active-window": "^0.1.0",
                "node-process-windows": "^0.0.2"
            }
        },
        "node_modules/active-window": {
            "version": "0.1.0",
            "resolved": "https://registry.npmjs.org/active-window/-/active-window-0.1.0.tgz",
            "integrity": "sha512-gJ/+DNmewGKXKaF86WXfb91KqwqHenHfq32e7+apAAEQvupMiCg373Omxx1bG3uGwmKz23Th7S2C2SAn5QfnbA==",
            "license": "MIT"
        },
        "node_modules/node-process-windows": {
            "version": "0.0.2",
            "resolved": "https://registry.npmjs.org/node-process-windows/-/node-process-windows-0.0.2.tgz",
            "integrity": "sha512-+ewb58HyI2Jy+VnGpTQ6ikKhspwUZVDWdpIVepQFR5SNLQA7GUcqJvYVJA/kKqZEm5FvlQ9//cJCHXf3MMAGiA==",
            "license": "MIT"
        }
    }
}
